
Microsoft Visual Studio Solution File, Format Version 12.00
# Visual Studio Version 17
VisualStudioVersion = 17.6.33829.357
MinimumVisualStudioVersion = 10.0.40219.1
Project("{FAE04EC0-301F-11D3-BF4B-00C04F79EFBC}") = "WebAppPostgre", "WebAppPostgre.csproj", "{6A11BCCA-3DFB-4924-A1BA-6F0A2304035B}"
EndProject
Global
	GlobalSection(SolutionConfigurationPlatforms) = preSolution
		Debug|Any CPU = Debug|Any CPU
		Release|Any CPU = Release|Any CPU
	EndGlobalSection
	GlobalSection(ProjectConfigurationPlatforms) = postSolution
		{6A11BCCA-3DFB-4924-A1BA-6F0A2304035B}.Debug|Any CPU.ActiveCfg = Debug|Any CPU
		{6A11BCCA-3DFB-4924-A1BA-6F0A2304035B}.Debug|Any CPU.Build.0 = Debug|Any CPU
		{6A11BCCA-3DFB-4924-A1BA-6F0A2304035B}.Release|Any CPU.ActiveCfg = Release|Any CPU
		{6A11BCCA-3DFB-4924-A1BA-6F0A2304035B}.Release|Any CPU.Build.0 = Release|Any CPU
	EndGlobalSection
	GlobalSection(SolutionProperties) = preSolution
		HideSolutionNode = FALSE
	EndGlobalSection
	GlobalSection(ExtensibilityGlobals) = postSolution
		SolutionGuid = {002A5D09-F234-4999-ADE3-AF9A2B5ABDBD}
	EndGlobalSection
EndGlobal
